
Microsoft Visual Studio Solution File, Format Version 12.00
# Visual Studio Version 16
VisualStudioVersion = 16.0.31313.79
MinimumVisualStudioVersion = 10.0.40219.1
Project("{FAE04EC0-301F-11D3-BF4B-00C04F79EFBC}") = "WiredBrainCoffee.StackApp", "WiredBrainCoffee.StackApp\WiredBrainCoffee.StackApp.csproj", "{92FD8C8F-0158-4BFD-AF86-40F7BD4A2F6C}"
EndProject
Global
	GlobalSection(SolutionConfigurationPlatforms) = preSolution
		Debug|Any CPU = Debug|Any CPU
		Release|Any CPU = Release|Any CPU
	EndGlobalSection
	GlobalSection(ProjectConfigurationPlatforms) = postSolution
		{92FD8C8F-0158-4BFD-AF86-40F7BD4A2F6C}.Debug|Any CPU.ActiveCfg = Debug|Any CPU
		{92FD8C8F-0158-4BFD-AF86-40F7BD4A2F6C}.Debug|Any CPU.Build.0 = Debug|Any CPU
		{92FD8C8F-0158-4BFD-AF86-40F7BD4A2F6C}.Release|Any CPU.ActiveCfg = Release|Any CPU
		{92FD8C8F-0158-4BFD-AF86-40F7BD4A2F6C}.Release|Any CPU.Build.0 = Release|Any CPU
	EndGlobalSection
	GlobalSection(SolutionProperties) = preSolution
		HideSolutionNode = FALSE
	EndGlobalSection
	GlobalSection(ExtensibilityGlobals) = postSolution
		SolutionGuid = {3C5EE78C-869E-4C9C-81D1-E143155F9374}
	EndGlobalSection
EndGlobal
